
Microsoft Visual Studio Solution File, Format Version 12.00
# Visual Studio 14
VisualStudioVersion = 14.0.24720.0
MinimumVisualStudioVersion = 10.0.40219.1
Project("{FAE04EC0-301F-11D3-BF4B-00C04F79EFBC}") = "SenaComp", "SenaComp\SenaComp.csproj", "{FA748FA2-A57D-4BD3-A8E1-3EC17FEF478D}"
EndProject
Project("{2150E333-8FDC-42A3-9474-1A3956D46DE8}") = "Solution Items", "Solution Items", "{85968062-1962-4133-BD97-96EEABD2DB47}"
	ProjectSection(SolutionItems) = preProject
		MozdaZatreba.txt = MozdaZatreba.txt
		ToDo.txt = ToDo.txt
	EndProjectSection
EndProject
Project("{FAE04EC0-301F-11D3-BF4B-00C04F79EFBC}") = "iflib", "iflib\iflib.csproj", "{55306185-34EA-4193-BF2A-9DCDD21C41C2}"
EndProject
Project("{FAE04EC0-301F-11D3-BF4B-00C04F79EFBC}") = "uclib", "uclib\uclib.csproj", "{FA7BD8E0-C04B-4446-978A-0C3B3485CFF8}"
EndProject
Global
	GlobalSection(SolutionConfigurationPlatforms) = preSolution
		Debug|Any CPU = Debug|Any CPU
		Release|Any CPU = Release|Any CPU
	EndGlobalSection
	GlobalSection(ProjectConfigurationPlatforms) = postSolution
		{FA748FA2-A57D-4BD3-A8E1-3EC17FEF478D}.Debug|Any CPU.ActiveCfg = Debug|Any CPU
		{FA748FA2-A57D-4BD3-A8E1-3EC17FEF478D}.Debug|Any CPU.Build.0 = Debug|Any CPU
		{FA748FA2-A57D-4BD3-A8E1-3EC17FEF478D}.Release|Any CPU.ActiveCfg = Release|Any CPU
		{FA748FA2-A57D-4BD3-A8E1-3EC17FEF478D}.Release|Any CPU.Build.0 = Release|Any CPU
		{55306185-34EA-4193-BF2A-9DCDD21C41C2}.Debug|Any CPU.ActiveCfg = Debug|Any CPU
		{55306185-34EA-4193-BF2A-9DCDD21C41C2}.Debug|Any CPU.Build.0 = Debug|Any CPU
		{55306185-34EA-4193-BF2A-9DCDD21C41C2}.Release|Any CPU.ActiveCfg = Release|Any CPU
		{55306185-34EA-4193-BF2A-9DCDD21C41C2}.Release|Any CPU.Build.0 = Release|Any CPU
		{FA7BD8E0-C04B-4446-978A-0C3B3485CFF8}.Debug|Any CPU.ActiveCfg = Debug|Any CPU
		{FA7BD8E0-C04B-4446-978A-0C3B3485CFF8}.Debug|Any CPU.Build.0 = Debug|Any CPU
		{FA7BD8E0-C04B-4446-978A-0C3B3485CFF8}.Release|Any CPU.ActiveCfg = Release|Any CPU
		{FA7BD8E0-C04B-4446-978A-0C3B3485CFF8}.Release|Any CPU.Build.0 = Release|Any CPU
	EndGlobalSection
	GlobalSection(SolutionProperties) = preSolution
		HideSolutionNode = FALSE
	EndGlobalSection
EndGlobal
